<?xml version="1.0" encoding="utf-8"?>
<Project ToolsVersion="4.0" xmlns="http://schemas.microsoft.com/developer/msbuild/2003">
  <ItemGroup>
    <Filter Include="Kernel">
      <UniqueIdentifier>{c4182ef6-4e2d-48e7-a309-8db2969517ac}</UniqueIdentifier>
    </Filter>
    <Filter Include="Kernel\XKernel">
      <UniqueIdentifier>{5677fecf-af64-4c64-824e-2eb308f9214d}</UniqueIdentifier>
    </Filter>
    <Filter Include="Kernel\Session">
      <UniqueIdentifier>{a5036406-be03-4dfc-9350-a380c6a364f7}</UniqueIdentifier>
    </Filter>
    <Filter Include="Kernel\Protocol">
      <UniqueIdentifier>{218d184a-e52b-4e74-8aa3-0b8e80bfcc7b}</UniqueIdentifier>
    </Filter>
    <Filter Include="Kernel\Gateway">
      <UniqueIdentifier>{bef61c3d-177e-4bbb-a256-86bb5c39ad50}</UniqueIdentifier>
    </Filter>
    <Filter Include="Kernel\Module">
      <UniqueIdentifier>{abe5875a-b5c7-4cfe-bbc9-51f82508f429}</UniqueIdentifier>
    </Filter>
    <Filter Include="Kernel\shared_buffer">
      <UniqueIdentifier>{7b6fc734-a157-47b2-be01-b7d611e271e4}</UniqueIdentifier>
    </Filter>
  </ItemGroup>
  <ItemGroup>
    <ClCompile Include="main.cpp" />
    <ClCompile Include="kernel\xkernel\scheduler.cpp">
      <Filter>Kernel\XKernel</Filter>
    </ClCompile>
    <ClCompile Include="kernel\protocol\packet_format.cpp">
      <Filter>Kernel\Protocol</Filter>
    </ClCompile>
    <ClCompile Include="kernel\session\session_impl.cpp">
      <Filter>Kernel\Session</Filter>
    </ClCompile>
    <ClCompile Include="kernel\session\win32_session.cpp">
      <Filter>Kernel\Session</Filter>
    </ClCompile>
    <ClCompile Include="kernel\gateway\gateway_impl.cpp">
      <Filter>Kernel\Gateway</Filter>
    </ClCompile>
    <ClCompile Include="kernel\module\device_module_impl.cpp">
      <Filter>Kernel\Module</Filter>
    </ClCompile>
    <ClCompile Include="kernel\session\session_mamanger_impl.cpp">
      <Filter>Kernel\Session</Filter>
    </ClCompile>
    <ClCompile Include="kernel\module\device_manager_impl.cpp">
      <Filter>Kernel\Module</Filter>
    </ClCompile>
    <ClCompile Include="kernel\shared_buffer\shared_buffer_impl.cpp">
      <Filter>Kernel\shared_buffer</Filter>
    </ClCompile>
    <ClCompile Include="kernel\protocol\utility.cpp">
      <Filter>Kernel\Protocol</Filter>
    </ClCompile>
  </ItemGroup>
  <ItemGroup>
    <ClInclude Include="kernel\kernel.h">
      <Filter>Kernel</Filter>
    </ClInclude>
    <ClInclude Include="kernel\xkernel\taskapi.h">
      <Filter>Kernel\XKernel</Filter>
    </ClInclude>
    <ClInclude Include="kernel\xkernel\parameters.h">
      <Filter>Kernel\XKernel</Filter>
    </ClInclude>
    <ClInclude Include="kernel\session.h">
      <Filter>Kernel</Filter>
    </ClInclude>
    <ClInclude Include="kernel\error.h">
      <Filter>Kernel</Filter>
    </ClInclude>
    <ClInclude Include="kernel\protocol.h">
      <Filter>Kernel</Filter>
    </ClInclude>
    <ClInclude Include="kernel\device_module.h">
      <Filter>Kernel</Filter>
    </ClInclude>
    <ClInclude Include="kernel\gateway.h">
      <Filter>Kernel</Filter>
    </ClInclude>
    <ClInclude Include="kernel\device_manager.h">
      <Filter>Kernel</Filter>
    </ClInclude>
    <ClInclude Include="kernel\session_manager.h">
      <Filter>Kernel</Filter>
    </ClInclude>
    <ClInclude Include="kernel\session\win32_session.h">
      <Filter>Kernel\Session</Filter>
    </ClInclude>
    <ClInclude Include="kernel\shared_buffer.h">
      <Filter>Kernel</Filter>
    </ClInclude>
  </ItemGroup>
</Project>