<?xml version="1.0" encoding="utf-8"?>
<Project ToolsVersion="4.0" xmlns="http://schemas.microsoft.com/developer/msbuild/2003">
  <ItemGroup>
    <Filter Include="Layer1">
      <UniqueIdentifier>{49f187b8-b48f-4e19-974e-5b2fe687c98f}</UniqueIdentifier>
    </Filter>
    <Filter Include="Kernel">
      <UniqueIdentifier>{c4182ef6-4e2d-48e7-a309-8db2969517ac}</UniqueIdentifier>
    </Filter>
    <Filter Include="Kernel\XKernel">
      <UniqueIdentifier>{5677fecf-af64-4c64-824e-2eb308f9214d}</UniqueIdentifier>
    </Filter>
  </ItemGroup>
  <ItemGroup>
    <ClCompile Include="main.cpp" />
    <ClCompile Include="kernel\xkernel\scheduler.cpp">
      <Filter>Kernel\XKernel</Filter>
    </ClCompile>
  </ItemGroup>
  <ItemGroup>
    <ClInclude Include="kernel\kernel.h">
      <Filter>Kernel</Filter>
    </ClInclude>
    <ClInclude Include="kernel\xkernel\taskapi.h">
      <Filter>Kernel\XKernel</Filter>
    </ClInclude>
    <ClInclude Include="kernel\xkernel\parameters.h">
      <Filter>Kernel\XKernel</Filter>
    </ClInclude>
  </ItemGroup>
</Project>